
Microsoft Visual Studio Solution File, Format Version 12.00
# Visual Studio Version 17
VisualStudioVersion = 17.3.32901.215
MinimumVisualStudioVersion = 10.0.40219.1
Project("{FAE04EC0-301F-11D3-BF4B-00C04F79EFBC}") = "MonoAPI", "MonoAPI\MonoAPI.csproj", "{432F12E4-88F7-4F46-A374-B34F40368C74}"
EndProject
Project("{FAE04EC0-301F-11D3-BF4B-00C04F79EFBC}") = "MonoLibrary", "MonoLibrary\MonoLibrary.csproj", "{F395CA57-70E9-4580-BA13-873ACD7CB13F}"
EndProject
Global
	GlobalSection(SolutionConfigurationPlatforms) = preSolution
		Debug|Any CPU = Debug|Any CPU
		Release|Any CPU = Release|Any CPU
	EndGlobalSection
	GlobalSection(ProjectConfigurationPlatforms) = postSolution
		{432F12E4-88F7-4F46-A374-B34F40368C74}.Debug|Any CPU.ActiveCfg = Debug|Any CPU
		{432F12E4-88F7-4F46-A374-B34F40368C74}.Debug|Any CPU.Build.0 = Debug|Any CPU
		{432F12E4-88F7-4F46-A374-B34F40368C74}.Release|Any CPU.ActiveCfg = Release|Any CPU
		{432F12E4-88F7-4F46-A374-B34F40368C74}.Release|Any CPU.Build.0 = Release|Any CPU
		{F395CA57-70E9-4580-BA13-873ACD7CB13F}.Debug|Any CPU.ActiveCfg = Debug|Any CPU
		{F395CA57-70E9-4580-BA13-873ACD7CB13F}.Debug|Any CPU.Build.0 = Debug|Any CPU
		{F395CA57-70E9-4580-BA13-873ACD7CB13F}.Release|Any CPU.ActiveCfg = Release|Any CPU
		{F395CA57-70E9-4580-BA13-873ACD7CB13F}.Release|Any CPU.Build.0 = Release|Any CPU
	EndGlobalSection
	GlobalSection(SolutionProperties) = preSolution
		HideSolutionNode = FALSE
	EndGlobalSection
	GlobalSection(ExtensibilityGlobals) = postSolution
		SolutionGuid = {7E4EA649-8C44-4222-A27F-E0977E86DD08}
	EndGlobalSection
EndGlobal
